
Microsoft Visual Studio Solution File, Format Version 12.00
# Visual Studio Version 17
VisualStudioVersion = 17.14.36414.22
MinimumVisualStudioVersion = 10.0.40219.1
Project("{2150E333-8FDC-42A3-9474-1A3956D46DE8}") = "Task0", "Task0", "{02EA681E-C7D8-13C7-8484-4AC65E1B71E8}"
EndProject
Project("{FAE04EC0-301F-11D3-BF4B-00C04F79EFBC}") = "Tyuiu.MolchanovIV.Sprint6.Task0.V7.Test", "Tyuiu.MolchanovIV.Sprint6.Task0.V7.Test\Tyuiu.MolchanovIV.Sprint6.Task0.V7.Test.csproj", "{46443515-842F-489A-BC37-3C22261E8875}"
EndProject
Project("{FAE04EC0-301F-11D3-BF4B-00C04F79EFBC}") = "Tyuiu.MolchanovIV.Sprint6.Task0.V7.Lib", "Tyuiu.MolchanovIV.Sprint6.Task0.V7.Lib\Tyuiu.MolchanovIV.Sprint6.Task0.V7.Lib.csproj", "{FE64EAAD-6EEC-4344-92EB-8494F7AA97A4}"
EndProject
Project("{FAE04EC0-301F-11D3-BF4B-00C04F79EFBC}") = "Tyuiu.MolchanovIV.Sprint6.Task0.V7", "Tyuiu.MolchanovIV.Sprint6.Task0.V7\Tyuiu.MolchanovIV.Sprint6.Task0.V7.csproj", "{57F8732A-7886-4FCA-885E-30776D38CB5D}"
EndProject
Project("{2150E333-8FDC-42A3-9474-1A3956D46DE8}") = "Task1", "Task1", "{741A2F48-D40F-473A-B934-0EE59593A257}"
EndProject
Project("{FAE04EC0-301F-11D3-BF4B-00C04F79EFBC}") = "Tyuiu.MolchanovIV.Sprint6.Task1.V8.Lib", "Tyuiu.MolchanovIV.Sprint6.Task1.V8.Lib\Tyuiu.MolchanovIV.Sprint6.Task1.V8.Lib.csproj", "{DB8503D5-A761-4A3D-93D8-43622437BF4D}"
EndProject
Project("{FAE04EC0-301F-11D3-BF4B-00C04F79EFBC}") = "Tyuiu.MolchanovIV.Sprint6.Task1.V8.Test", "Tyuiu.MolchanovIV.Sprint6.Task1.V8.Test\Tyuiu.MolchanovIV.Sprint6.Task1.V8.Test.csproj", "{8348A770-EF83-4722-9B3E-27980D282AB1}"
EndProject
Project("{FAE04EC0-301F-11D3-BF4B-00C04F79EFBC}") = "Tyuiu.MolchanovIV.Sprint6.Task1.V8", "Tyuiu.MolchanovIV.Sprint6.Task1.V8\Tyuiu.MolchanovIV.Sprint6.Task1.V8.csproj", "{64EB9E4F-BA9C-49F0-9C31-BB959818A980}"
EndProject
Project("{2150E333-8FDC-42A3-9474-1A3956D46DE8}") = "Task2", "Task2", "{21F843DF-4BC1-4743-9E48-00ABC8E1200D}"
EndProject
Project("{FAE04EC0-301F-11D3-BF4B-00C04F79EFBC}") = "Tyuiu.MolchanovIV.Sprint6.Task2.V13.Lib", "Tyuiu.MolchanovIV.Sprint6.Task2.V13.Lib\Tyuiu.MolchanovIV.Sprint6.Task2.V13.Lib.csproj", "{E0CB8BCC-4271-4884-8DE9-CCF37C3A3980}"
EndProject
Project("{FAE04EC0-301F-11D3-BF4B-00C04F79EFBC}") = "Tyuiu.MolchanovIV.Sprint6.Task2.V13.Test", "Tyuiu.MolchanovIV.Sprint6.Task2.V13.Test\Tyuiu.MolchanovIV.Sprint6.Task2.V13.Test.csproj", "{EC850CF1-0822-4AD9-A668-B7020B9D21F7}"
EndProject
Project("{FAE04EC0-301F-11D3-BF4B-00C04F79EFBC}") = "Tyuiu.MolchanovIV.Sprint6.Task2.V13", "Tyuiu.MolchanovIV.Sprint6.Task2.V13\Tyuiu.MolchanovIV.Sprint6.Task2.V13.csproj", "{C2E4617F-2C3C-4B59-AED1-10E4F703D7E3}"
EndProject
Project("{2150E333-8FDC-42A3-9474-1A3956D46DE8}") = "Task3", "Task3", "{CE6FC2C2-AB2F-43C7-8885-0E16E4034F53}"
EndProject
Project("{FAE04EC0-301F-11D3-BF4B-00C04F79EFBC}") = "Tyuiu.MolchanovIV.Sprint6.Task3.V16.Lib", "Tyuiu.MolchanovIV.Sprint6.Task3.V16.Lib\Tyuiu.MolchanovIV.Sprint6.Task3.V16.Lib.csproj", "{C8D8BB0B-0831-4A79-B18C-A84AF10F55F5}"
EndProject
Project("{FAE04EC0-301F-11D3-BF4B-00C04F79EFBC}") = "Tyuiu.MolchanovIV.Sprint6.Task3.V16.Test", "Tyuiu.MolchanovIV.Sprint6.Task3.V16.Test\Tyuiu.MolchanovIV.Sprint6.Task3.V16.Test.csproj", "{C644F1FC-7808-436B-B59E-5744215835E0}"
EndProject
Project("{FAE04EC0-301F-11D3-BF4B-00C04F79EFBC}") = "Tyuiu.MolchanovIV.Sprint6.Task3.V16", "Tyuiu.MolchanovIV.Sprint6.Task3.V16\Tyuiu.MolchanovIV.Sprint6.Task3.V16.csproj", "{16A62385-2A5E-4BB1-AA8B-9FF88023DBD8}"
EndProject
Global
	GlobalSection(SolutionConfigurationPlatforms) = preSolution
		Debug|Any CPU = Debug|Any CPU
		Release|Any CPU = Release|Any CPU
	EndGlobalSection
	GlobalSection(ProjectConfigurationPlatforms) = postSolution
		{46443515-842F-489A-BC37-3C22261E8875}.Debug|Any CPU.ActiveCfg = Debug|Any CPU
		{46443515-842F-489A-BC37-3C22261E8875}.Debug|Any CPU.Build.0 = Debug|Any CPU
		{46443515-842F-489A-BC37-3C22261E8875}.Release|Any CPU.ActiveCfg = Release|Any CPU
		{46443515-842F-489A-BC37-3C22261E8875}.Release|Any CPU.Build.0 = Release|Any CPU
		{FE64EAAD-6EEC-4344-92EB-8494F7AA97A4}.Debug|Any CPU.ActiveCfg = Debug|Any CPU
		{FE64EAAD-6EEC-4344-92EB-8494F7AA97A4}.Debug|Any CPU.Build.0 = Debug|Any CPU
		{FE64EAAD-6EEC-4344-92EB-8494F7AA97A4}.Release|Any CPU.ActiveCfg = Release|Any CPU
		{FE64EAAD-6EEC-4344-92EB-8494F7AA97A4}.Release|Any CPU.Build.0 = Release|Any CPU
		{57F8732A-7886-4FCA-885E-30776D38CB5D}.Debug|Any CPU.ActiveCfg = Debug|Any CPU
		{57F8732A-7886-4FCA-885E-30776D38CB5D}.Debug|Any CPU.Build.0 = Debug|Any CPU
		{57F8732A-7886-4FCA-885E-30776D38CB5D}.Release|Any CPU.ActiveCfg = Release|Any CPU
		{57F8732A-7886-4FCA-885E-30776D38CB5D}.Release|Any CPU.Build.0 = Release|Any CPU
		{DB8503D5-A761-4A3D-93D8-43622437BF4D}.Debug|Any CPU.ActiveCfg = Debug|Any CPU
		{DB8503D5-A761-4A3D-93D8-43622437BF4D}.Debug|Any CPU.Build.0 = Debug|Any CPU
		{DB8503D5-A761-4A3D-93D8-43622437BF4D}.Release|Any CPU.ActiveCfg = Release|Any CPU
		{DB8503D5-A761-4A3D-93D8-43622437BF4D}.Release|Any CPU.Build.0 = Release|Any CPU
		{8348A770-EF83-4722-9B3E-27980D282AB1}.Debug|Any CPU.ActiveCfg = Debug|Any CPU
		{8348A770-EF83-4722-9B3E-27980D282AB1}.Debug|Any CPU.Build.0 = Debug|Any CPU
		{8348A770-EF83-4722-9B3E-27980D282AB1}.Release|Any CPU.ActiveCfg = Release|Any CPU
		{8348A770-EF83-4722-9B3E-27980D282AB1}.Release|Any CPU.Build.0 = Release|Any CPU
		{64EB9E4F-BA9C-49F0-9C31-BB959818A980}.Debug|Any CPU.ActiveCfg = Debug|Any CPU
		{64EB9E4F-BA9C-49F0-9C31-BB959818A980}.Debug|Any CPU.Build.0 = Debug|Any CPU
		{64EB9E4F-BA9C-49F0-9C31-BB959818A980}.Release|Any CPU.ActiveCfg = Release|Any CPU
		{64EB9E4F-BA9C-49F0-9C31-BB959818A980}.Release|Any CPU.Build.0 = Release|Any CPU
		{E0CB8BCC-4271-4884-8DE9-CCF37C3A3980}.Debug|Any CPU.ActiveCfg = Debug|Any CPU
		{E0CB8BCC-4271-4884-8DE9-CCF37C3A3980}.Debug|Any CPU.Build.0 = Debug|Any CPU
		{E0CB8BCC-4271-4884-8DE9-CCF37C3A3980}.Release|Any CPU.ActiveCfg = Release|Any CPU
		{E0CB8BCC-4271-4884-8DE9-CCF37C3A3980}.Release|Any CPU.Build.0 = Release|Any CPU
		{EC850CF1-0822-4AD9-A668-B7020B9D21F7}.Debug|Any CPU.ActiveCfg = Debug|Any CPU
		{EC850CF1-0822-4AD9-A668-B7020B9D21F7}.Debug|Any CPU.Build.0 = Debug|Any CPU
		{EC850CF1-0822-4AD9-A668-B7020B9D21F7}.Release|Any CPU.ActiveCfg = Release|Any CPU
		{EC850CF1-0822-4AD9-A668-B7020B9D21F7}.Release|Any CPU.Build.0 = Release|Any CPU
		{C2E4617F-2C3C-4B59-AED1-10E4F703D7E3}.Debug|Any CPU.ActiveCfg = Debug|Any CPU
		{C2E4617F-2C3C-4B59-AED1-10E4F703D7E3}.Debug|Any CPU.Build.0 = Debug|Any CPU
		{C2E4617F-2C3C-4B59-AED1-10E4F703D7E3}.Release|Any CPU.ActiveCfg = Release|Any CPU
		{C2E4617F-2C3C-4B59-AED1-10E4F703D7E3}.Release|Any CPU.Build.0 = Release|Any CPU
		{C8D8BB0B-0831-4A79-B18C-A84AF10F55F5}.Debug|Any CPU.ActiveCfg = Debug|Any CPU
		{C8D8BB0B-0831-4A79-B18C-A84AF10F55F5}.Debug|Any CPU.Build.0 = Debug|Any CPU
		{C8D8BB0B-0831-4A79-B18C-A84AF10F55F5}.Release|Any CPU.ActiveCfg = Release|Any CPU
		{C8D8BB0B-0831-4A79-B18C-A84AF10F55F5}.Release|Any CPU.Build.0 = Release|Any CPU
		{C644F1FC-7808-436B-B59E-5744215835E0}.Debug|Any CPU.ActiveCfg = Debug|Any CPU
		{C644F1FC-7808-436B-B59E-5744215835E0}.Debug|Any CPU.Build.0 = Debug|Any CPU
		{C644F1FC-7808-436B-B59E-5744215835E0}.Release|Any CPU.ActiveCfg = Release|Any CPU
		{C644F1FC-7808-436B-B59E-5744215835E0}.Release|Any CPU.Build.0 = Release|Any CPU
		{16A62385-2A5E-4BB1-AA8B-9FF88023DBD8}.Debug|Any CPU.ActiveCfg = Debug|Any CPU
		{16A62385-2A5E-4BB1-AA8B-9FF88023DBD8}.Debug|Any CPU.Build.0 = Debug|Any CPU
		{16A62385-2A5E-4BB1-AA8B-9FF88023DBD8}.Release|Any CPU.ActiveCfg = Release|Any CPU
		{16A62385-2A5E-4BB1-AA8B-9FF88023DBD8}.Release|Any CPU.Build.0 = Release|Any CPU
	EndGlobalSection
	GlobalSection(SolutionProperties) = preSolution
		HideSolutionNode = FALSE
	EndGlobalSection
	GlobalSection(NestedProjects) = preSolution
		{46443515-842F-489A-BC37-3C22261E8875} = {02EA681E-C7D8-13C7-8484-4AC65E1B71E8}
		{FE64EAAD-6EEC-4344-92EB-8494F7AA97A4} = {02EA681E-C7D8-13C7-8484-4AC65E1B71E8}
		{57F8732A-7886-4FCA-885E-30776D38CB5D} = {02EA681E-C7D8-13C7-8484-4AC65E1B71E8}
		{DB8503D5-A761-4A3D-93D8-43622437BF4D} = {741A2F48-D40F-473A-B934-0EE59593A257}
		{8348A770-EF83-4722-9B3E-27980D282AB1} = {741A2F48-D40F-473A-B934-0EE59593A257}
		{64EB9E4F-BA9C-49F0-9C31-BB959818A980} = {741A2F48-D40F-473A-B934-0EE59593A257}
		{E0CB8BCC-4271-4884-8DE9-CCF37C3A3980} = {21F843DF-4BC1-4743-9E48-00ABC8E1200D}
		{EC850CF1-0822-4AD9-A668-B7020B9D21F7} = {21F843DF-4BC1-4743-9E48-00ABC8E1200D}
		{C2E4617F-2C3C-4B59-AED1-10E4F703D7E3} = {21F843DF-4BC1-4743-9E48-00ABC8E1200D}
		{C8D8BB0B-0831-4A79-B18C-A84AF10F55F5} = {CE6FC2C2-AB2F-43C7-8885-0E16E4034F53}
		{C644F1FC-7808-436B-B59E-5744215835E0} = {CE6FC2C2-AB2F-43C7-8885-0E16E4034F53}
		{16A62385-2A5E-4BB1-AA8B-9FF88023DBD8} = {CE6FC2C2-AB2F-43C7-8885-0E16E4034F53}
	EndGlobalSection
	GlobalSection(ExtensibilityGlobals) = postSolution
		SolutionGuid = {790E4AAB-3551-4024-8422-598F9EBFCABB}
	EndGlobalSection
EndGlobal
